# This file is automatically @generated by Cargo.
# It is not intended for manual editing.
version = 4

[[package]]
name = "ax_ast"
version = "1.0.0"
dependencies = [
 "ax_core",
]

[[package]]
name = "ax_cli"
version = "1.0.0"
dependencies = [
 "ax_codegen_llvm",
 "ax_core",
 "ax_diag",
 "ax_fmt",
 "ax_parser",
 "ax_pkg",
 "ax_semantic",
 "ax_test",
]

[[package]]
name = "ax_codegen_llvm"
version = "1.0.0"
dependencies = [
 "ax_ast",
 "ax_core",
 "ax_diag",
 "ax_ir",
 "ax_parser",
 "ax_semantic",
]

[[package]]
name = "ax_core"
version = "1.0.0"

[[package]]
name = "ax_diag"
version = "1.0.0"
dependencies = [
 "ax_core",
]

[[package]]
name = "ax_effects"
version = "1.0.0"

[[package]]
name = "ax_fmt"
version = "1.0.0"
dependencies = [
 "ax_ast",
 "ax_core",
 "ax_parser",
 "ax_semantic",
]

[[package]]
name = "ax_ir"
version = "1.0.0"
dependencies = [
 "ax_ast",
 "ax_semantic",
]

[[package]]
name = "ax_lexer"
version = "1.0.0"
dependencies = [
 "ax_core",
]

[[package]]
name = "ax_packs"
version = "1.0.0"
dependencies = [
 "ax_ast",
 "ax_core",
 "ax_diag",
]

[[package]]
name = "ax_parser"
version = "1.0.0"
dependencies = [
 "ax_ast",
 "ax_core",
 "ax_diag",
 "ax_lexer",
]

[[package]]
name = "ax_pkg"
version = "1.0.0"

[[package]]
name = "ax_runtime"
version = "1.0.0"

[[package]]
name = "ax_semantic"
version = "1.0.0"
dependencies = [
 "ax_ast",
 "ax_core",
 "ax_diag",
 "ax_effects",
 "ax_packs",
 "ax_parser",
]

[[package]]
name = "ax_test"
version = "1.0.0"
dependencies = [
 "ax_ast",
 "ax_core",
 "ax_diag",
 "ax_parser",
 "ax_semantic",
]
